// !$*UTF8*$!
{
	archiveVersion = 1;
	classes = {
	};
	objectVersion = 54;
	objects = {

/* Begin PBXBuildFile section */
		03BE821A0DA75C185D6F4382 /* FlexboxCore in Frameworks */ = {isa = PBXBuildFile; productRef = 8B7A3EF89A077A8112662AB9 /* FlexboxCore */; };
		465C1FA02FB5EE6737C71494 /* Layouts.swift in Sources */ = {isa = PBXBuildFile; fileRef = 9FCD662A54F10D0FE49F6A25 /* Layouts.swift */; };
		4A643419E2383899AA83F6E9 /* App.swift in Sources */ = {isa = PBXBuildFile; fileRef = 671AD611C5F9E7C85C8DE760 /* App.swift */; };
		959DF67AAFC266FBF0EFA41E /* FlexboxKit in Frameworks */ = {isa = PBXBuildFile; productRef = 9A6EF7F4677ACE494E5BBA7B /* FlexboxKit */; };
		B92F16DF73E53CBA8253CD97 /* Screens.swift in Sources */ = {isa = PBXBuildFile; fileRef = 37D800366FE6878494AEE83E /* Screens.swift */; };
/* End PBXBuildFile section */

/* Begin PBXFileReference section */
		37D800366FE6878494AEE83E /* Screens.swift */ = {isa = PBXFileReference; lastKnownFileType = sourcecode.swift; path = Screens.swift; sourceTree = "<group>"; };
		3A6482DD4BC9E56943069C76 /* Info.plist */ = {isa = PBXFileReference; lastKnownFileType = text.plist; path = Info.plist; sourceTree = "<group>"; };
		5DA0357C9CC5B817755D7087 /* FlexDemo.app */ = {isa = PBXFileReference; includeInIndex = 0; lastKnownFileType = wrapper.application; path = FlexDemo.app; sourceTree = BUILT_PRODUCTS_DIR; };
		671AD611C5F9E7C85C8DE760 /* App.swift */ = {isa = PBXFileReference; lastKnownFileType = sourcecode.swift; path = App.swift; sourceTree = "<group>"; };
		9FCD662A54F10D0FE49F6A25 /* Layouts.swift */ = {isa = PBXFileReference; lastKnownFileType = sourcecode.swift; path = Layouts.swift; sourceTree = "<group>"; };
		DB88D0255411E01EB27524BE /* FlexboxSDKiOS */ = {isa = PBXFileReference; lastKnownFileType = folder; name = FlexboxSDKiOS; path = ../..; sourceTree = SOURCE_ROOT; };
/* End PBXFileReference section */

/* Begin PBXFrameworksBuildPhase section */
		1EAEFA1FAAE0BF804C59DA97 /* Frameworks */ = {
			isa = PBXFrameworksBuildPhase;
			buildActionMask = 2147483647;
			files = (
				959DF67AAFC266FBF0EFA41E /* FlexboxKit in Frameworks */,
				03BE821A0DA75C185D6F4382 /* FlexboxCore in Frameworks */,
			);
			runOnlyForDeploymentPostprocessing = 0;
		};
/* End PBXFrameworksBuildPhase section */

/* Begin PBXGroup section */
		03A890D3337C9ECA498D3403 /* FlexDemo */ = {
			isa = PBXGroup;
			children = (
				671AD611C5F9E7C85C8DE760 /* App.swift */,
				3A6482DD4BC9E56943069C76 /* Info.plist */,
				9FCD662A54F10D0FE49F6A25 /* Layouts.swift */,
				37D800366FE6878494AEE83E /* Screens.swift */,
			);
			path = FlexDemo;
			sourceTree = "<group>";
		};
		2365B4A0239C9EDCE5AE0E3D /* Products */ = {
			isa = PBXGroup;
			children = (
				5DA0357C9CC5B817755D7087 /* FlexDemo.app */,
			);
			name = Products;
			sourceTree = "<group>";
		};
		980A0C8815370F1A2312F6F6 = {
			isa = PBXGroup;
			children = (
				03A890D3337C9ECA498D3403 /* FlexDemo */,
				BDB27DCC96B73F3708EEFF98 /* Packages */,
				2365B4A0239C9EDCE5AE0E3D /* Products */,
			);
			sourceTree = "<group>";
		};
		BDB27DCC96B73F3708EEFF98 /* Packages */ = {
			isa = PBXGroup;
			children = (
				DB88D0255411E01EB27524BE /* FlexboxSDKiOS */,
			);
			name = Packages;
			sourceTree = "<group>";
		};
/* End PBXGroup section */

/* Begin PBXNativeTarget section */
		8C1EFB6315CBD4FDD15B864B /* FlexDemo */ = {
			isa = PBXNativeTarget;
			buildConfigurationList = B75D35E28C48ACAC3B80CF18 /* Build configuration list for PBXNativeTarget "FlexDemo" */;
			buildPhases = (
				7D1B7DC74412CE0CB9928816 /* Sources */,
				1EAEFA1FAAE0BF804C59DA97 /* Frameworks */,
			);
			buildRules = (
			);
			dependencies = (
			);
			name = FlexDemo;
			packageProductDependencies = (
				9A6EF7F4677ACE494E5BBA7B /* FlexboxKit */,
				8B7A3EF89A077A8112662AB9 /* FlexboxCore */,
			);
			productName = FlexDemo;
			productReference = 5DA0357C9CC5B817755D7087 /* FlexDemo.app */;
			productType = "com.apple.product-type.application";
		};
/* End PBXNativeTarget section */

/* Begin PBXProject section */
		0B824852C01B17B28FCEEDAA /* Project object */ = {
			isa = PBXProject;
			attributes = {
				BuildIndependentTargetsInParallel = YES;
				LastUpgradeCheck = 1430;
				TargetAttributes = {
					8C1EFB6315CBD4FDD15B864B = {
						ProvisioningStyle = Automatic;
					};
				};
			};
			buildConfigurationList = 5C923D92BB280B7DBFF5C11E /* Build configuration list for PBXProject "FlexDemo" */;
			compatibilityVersion = "Xcode 14.0";
			developmentRegion = en;
			hasScannedForEncodings = 0;
			knownRegions = (
				Base,
				en,
			);
			mainGroup = 980A0C8815370F1A2312F6F6;
			packageReferences = (
				B059B4358FAF1F7FF0368A9F /* XCLocalSwiftPackageReference "../.." */,
			);
			projectDirPath = "";
			projectRoot = "";
			targets = (
				8C1EFB6315CBD4FDD15B864B /* FlexDemo */,
			);
		};
/* End PBXProject section */

/* Begin PBXSourcesBuildPhase section */
		7D1B7DC74412CE0CB9928816 /* Sources */ = {
			isa = PBXSourcesBuildPhase;
			buildActionMask = 2147483647;
			files = (
				4A643419E2383899AA83F6E9 /* App.swift in Sources */,
				465C1FA02FB5EE6737C71494 /* Layouts.swift in Sources */,
				B92F16DF73E53CBA8253CD97 /* Screens.swift in Sources */,
			);
			runOnlyForDeploymentPostprocessing = 0;
		};
/* End PBXSourcesBuildPhase section */

/* Begin XCBuildConfiguration section */
		243CCA0E83744FD414B6AF48 /* Release */ = {
			isa = XCBuildConfiguration;
			buildSettings = {
				ALWAYS_SEARCH_USER_PATHS = NO;
				CLANG_ANALYZER_NONNULL = YES;
				CLANG_ANALYZER_NUMBER_OBJECT_CONVERSION = YES_AGGRESSIVE;
				CLANG_CXX_LANGUAGE_STANDARD = "gnu++14";
				CLANG_CXX_LIBRARY = "libc++";
				CLANG_ENABLE_MODULES = YES;
				CLANG_ENABLE_OBJC_ARC = YES;
				CLANG_ENABLE_OBJC_WEAK = YES;
				CLANG_WARN_BLOCK_CAPTURE_AUTORELEASING = YES;
				CLANG_WARN_BOOL_CONVERSION = YES;
				CLANG_WARN_COMMA = YES;
				CLANG_WARN_CONSTANT_CONVERSION = YES;
				CLANG_WARN_DEPRECATED_OBJC_IMPLEMENTATIONS = YES;
				CLANG_WARN_DIRECT_OBJC_ISA_USAGE = YES_ERROR;
				CLANG_WARN_DOCUMENTATION_COMMENTS = YES;
				CLANG_WARN_EMPTY_BODY = YES;
				CLANG_WARN_ENUM_CONVERSION = YES;
				CLANG_WARN_INFINITE_RECURSION = YES;
				CLANG_WARN_INT_CONVERSION = YES;
				CLANG_WARN_NON_LITERAL_NULL_CONVERSION = YES;
				CLANG_WARN_OBJC_IMPLICIT_RETAIN_SELF = YES;
				CLANG_WARN_OBJC_LITERAL_CONVERSION = YES;
				CLANG_WARN_OBJC_ROOT_CLASS = YES_ERROR;
				CLANG_WARN_QUOTED_INCLUDE_IN_FRAMEWORK_HEADER = YES;
				CLANG_WARN_RANGE_LOOP_ANALYSIS = YES;
				CLANG_WARN_STRICT_PROTOTYPES = YES;
				CLANG_WARN_SUSPICIOUS_MOVE = YES;
				CLANG_WARN_UNGUARDED_AVAILABILITY = YES_AGGRESSIVE;
				CLANG_WARN_UNREACHABLE_CODE = YES;
				CLANG_WARN__DUPLICATE_METHOD_MATCH = YES;
				COPY_PHASE_STRIP = NO;
				DEBUG_INFORMATION_FORMAT = "dwarf-with-dsym";
				ENABLE_NS_ASSERTIONS = NO;
				ENABLE_STRICT_OBJC_MSGSEND = YES;
				GCC_C_LANGUAGE_STANDARD = gnu11;
				GCC_NO_COMMON_BLOCKS = YES;
				GCC_WARN_64_TO_32_BIT_CONVERSION = YES;
				GCC_WARN_ABOUT_RETURN_TYPE = YES_ERROR;
				GCC_WARN_UNDECLARED_SELECTOR = YES;
				GCC_WARN_UNINITIALIZED_AUTOS = YES_AGGRESSIVE;
				GCC_WARN_UNUSED_FUNCTION = YES;
				GCC_WARN_UNUSED_VARIABLE = YES;
				IPHONEOS_DEPLOYMENT_TARGET = 15.0;
				MTL_ENABLE_DEBUG_INFO = NO;
				MTL_FAST_MATH = YES;
				PRODUCT_NAME = "$(TARGET_NAME)";
				SDKROOT = iphoneos;
				SWIFT_COMPILATION_MODE = wholemodule;
				SWIFT_OPTIMIZATION_LEVEL = "-O";
				SWIFT_VERSION = 5.0;
			};
			name = Release;
		};
		3823CDADAD84482ACCF1102C /* Release */ = {
			isa = XCBuildConfiguration;
			buildSettings = {
				ASSETCATALOG_COMPILER_APPICON_NAME = AppIcon;
				CODE_SIGN_IDENTITY = "iPhone Developer";
				CODE_SIGN_STYLE = Automatic;
				GENERATE_INFOPLIST_FILE = YES;
				INFOPLIST_FILE = FlexDemo/Info.plist;
				LD_RUNPATH_SEARCH_PATHS = (
					"$(inherited)",
					"@executable_path/Frameworks",
				);
				PRODUCT_BUNDLE_IDENTIFIER = dev.flexbox.FlexDemo;
				SDKROOT = iphoneos;
				SWIFT_VERSION = 5.0;
				TARGETED_DEVICE_FAMILY = "1,2";
			};
			name = Release;
		};
		40CAEBF4133B68887376C11D /* Debug */ = {
			isa = XCBuildConfiguration;
			buildSettings = {
				ALWAYS_SEARCH_USER_PATHS = NO;
				CLANG_ANALYZER_NONNULL = YES;
				CLANG_ANALYZER_NUMBER_OBJECT_CONVERSION = YES_AGGRESSIVE;
				CLANG_CXX_LANGUAGE_STANDARD = "gnu++14";
				CLANG_CXX_LIBRARY = "libc++";
				CLANG_ENABLE_MODULES = YES;
				CLANG_ENABLE_OBJC_ARC = YES;
				CLANG_ENABLE_OBJC_WEAK = YES;
				CLANG_WARN_BLOCK_CAPTURE_AUTORELEASING = YES;
				CLANG_WARN_BOOL_CONVERSION = YES;
				CLANG_WARN_COMMA = YES;
				CLANG_WARN_CONSTANT_CONVERSION = YES;
				CLANG_WARN_DEPRECATED_OBJC_IMPLEMENTATIONS = YES;
				CLANG_WARN_DIRECT_OBJC_ISA_USAGE = YES_ERROR;
				CLANG_WARN_DOCUMENTATION_COMMENTS = YES;
				CLANG_WARN_EMPTY_BODY = YES;
				CLANG_WARN_ENUM_CONVERSION = YES;
				CLANG_WARN_INFINITE_RECURSION = YES;
				CLANG_WARN_INT_CONVERSION = YES;
				CLANG_WARN_NON_LITERAL_NULL_CONVERSION = YES;
				CLANG_WARN_OBJC_IMPLICIT_RETAIN_SELF = YES;
				CLANG_WARN_OBJC_LITERAL_CONVERSION = YES;
				CLANG_WARN_OBJC_ROOT_CLASS = YES_ERROR;
				CLANG_WARN_QUOTED_INCLUDE_IN_FRAMEWORK_HEADER = YES;
				CLANG_WARN_RANGE_LOOP_ANALYSIS = YES;
				CLANG_WARN_STRICT_PROTOTYPES = YES;
				CLANG_WARN_SUSPICIOUS_MOVE = YES;
				CLANG_WARN_UNGUARDED_AVAILABILITY = YES_AGGRESSIVE;
				CLANG_WARN_UNREACHABLE_CODE = YES;
				CLANG_WARN__DUPLICATE_METHOD_MATCH = YES;
				COPY_PHASE_STRIP = NO;
				DEBUG_INFORMATION_FORMAT = dwarf;
				ENABLE_STRICT_OBJC_MSGSEND = YES;
				ENABLE_TESTABILITY = YES;
				GCC_C_LANGUAGE_STANDARD = gnu11;
				GCC_DYNAMIC_NO_PIC = NO;
				GCC_NO_COMMON_BLOCKS = YES;
				GCC_OPTIMIZATION_LEVEL = 0;
				GCC_PREPROCESSOR_DEFINITIONS = (
					"$(inherited)",
					"DEBUG=1",
				);
				GCC_WARN_64_TO_32_BIT_CONVERSION = YES;
				GCC_WARN_ABOUT_RETURN_TYPE = YES_ERROR;
				GCC_WARN_UNDECLARED_SELECTOR = YES;
				GCC_WARN_UNINITIALIZED_AUTOS = YES_AGGRESSIVE;
				GCC_WARN_UNUSED_FUNCTION = YES;
				GCC_WARN_UNUSED_VARIABLE = YES;
				IPHONEOS_DEPLOYMENT_TARGET = 15.0;
				MTL_ENABLE_DEBUG_INFO = INCLUDE_SOURCE;
				MTL_FAST_MATH = YES;
				ONLY_ACTIVE_ARCH = YES;
				PRODUCT_NAME = "$(TARGET_NAME)";
				SDKROOT = iphoneos;
				SWIFT_ACTIVE_COMPILATION_CONDITIONS = DEBUG;
				SWIFT_OPTIMIZATION_LEVEL = "-Onone";
				SWIFT_VERSION = 5.0;
			};
			name = Debug;
		};
		D36682191A9EF12377C398C4 /* Debug */ = {
			isa = XCBuildConfiguration;
			buildSettings = {
				ASSETCATALOG_COMPILER_APPICON_NAME = AppIcon;
				CODE_SIGN_IDENTITY = "iPhone Developer";
				CODE_SIGN_STYLE = Automatic;
				GENERATE_INFOPLIST_FILE = YES;
				INFOPLIST_FILE = FlexDemo/Info.plist;
				LD_RUNPATH_SEARCH_PATHS = (
					"$(inherited)",
					"@executable_path/Frameworks",
				);
				PRODUCT_BUNDLE_IDENTIFIER = dev.flexbox.FlexDemo;
				SDKROOT = iphoneos;
				SWIFT_VERSION = 5.0;
				TARGETED_DEVICE_FAMILY = "1,2";
			};
			name = Debug;
		};
/* End XCBuildConfiguration section */

/* Begin XCConfigurationList section */
		5C923D92BB280B7DBFF5C11E /* Build configuration list for PBXProject "FlexDemo" */ = {
			isa = XCConfigurationList;
			buildConfigurations = (
				40CAEBF4133B68887376C11D /* Debug */,
				243CCA0E83744FD414B6AF48 /* Release */,
			);
			defaultConfigurationIsVisible = 0;
			defaultConfigurationName = Debug;
		};
		B75D35E28C48ACAC3B80CF18 /* Build configuration list for PBXNativeTarget "FlexDemo" */ = {
			isa = XCConfigurationList;
			buildConfigurations = (
				D36682191A9EF12377C398C4 /* Debug */,
				3823CDADAD84482ACCF1102C /* Release */,
			);
			defaultConfigurationIsVisible = 0;
			defaultConfigurationName = Debug;
		};
/* End XCConfigurationList section */

/* Begin XCLocalSwiftPackageReference section */
		B059B4358FAF1F7FF0368A9F /* XCLocalSwiftPackageReference "../.." */ = {
			isa = XCLocalSwiftPackageReference;
			relativePath = ../..;
		};
/* End XCLocalSwiftPackageReference section */

/* Begin XCSwiftPackageProductDependency section */
		8B7A3EF89A077A8112662AB9 /* FlexboxCore */ = {
			isa = XCSwiftPackageProductDependency;
			productName = FlexboxCore;
		};
		9A6EF7F4677ACE494E5BBA7B /* FlexboxKit */ = {
			isa = XCSwiftPackageProductDependency;
			productName = FlexboxKit;
		};
/* End XCSwiftPackageProductDependency section */
	};
	rootObject = 0B824852C01B17B28FCEEDAA /* Project object */;
}
